
Microsoft Visual Studio Solution File, Format Version 12.00
Project("{FAE04EC0-301F-11D3-BF4B-00C04F79EFBC}") = "RomanCalculator.Blazor", "RomanCalculator.Blazor\RomanCalculator.Blazor.csproj", "{6646A1D2-52B4-481E-8707-37FB96B2DA19}"
EndProject
Global
	GlobalSection(SolutionConfigurationPlatforms) = preSolution
		Debug|Any CPU = Debug|Any CPU
		Release|Any CPU = Release|Any CPU
	EndGlobalSection
	GlobalSection(ProjectConfigurationPlatforms) = postSolution
		{6646A1D2-52B4-481E-8707-37FB96B2DA19}.Debug|Any CPU.ActiveCfg = Debug|Any CPU
		{6646A1D2-52B4-481E-8707-37FB96B2DA19}.Debug|Any CPU.Build.0 = Debug|Any CPU
		{6646A1D2-52B4-481E-8707-37FB96B2DA19}.Release|Any CPU.ActiveCfg = Release|Any CPU
		{6646A1D2-52B4-481E-8707-37FB96B2DA19}.Release|Any CPU.Build.0 = Release|Any CPU
	EndGlobalSection
EndGlobal
